{
  "requires": true,
  "lockfileVersion": 1,
  "dependencies": {
    "bootstrap-icons": {
      "version": "1.0.0",
      "resolved": "https://registry.npmjs.org/bootstrap-icons/-/bootstrap-icons-1.0.0.tgz",
      "integrity": "sha512-PaQm3VtSqbUnWuyqGmFJG5iF9UMieDuk8raPOmKOtKeyWyiVshgLoKa+9EWGolGU/nvyBLEBWhZoQqhu9ccNBg=="
    }
  }
}
